{
  "name": "cfschema",
  "version": "1.0.0",
  "lockfileVersion": 3,
  "requires": true,
  "packages": {
    "": {
      "name": "cfschema",
      "version": "1.0.0",
      "license": "ISC",
      "dependencies": {
        "@cloudflare/workers-types": "^5.20260901.1"
      }
    },
    "node_modules/@cloudflare/workers-types": {
      "version": "5.20260901.1",
      "resolved": "https://registry.npmjs.org/@cloudflare/workers-types/-/workers-types-5.20260901.1.tgz",
      "integrity": "sha512-m1rNbR3UYC1pgaEyXkSlwLFLDB11QziYUlY0z/nqjwuYtg5dw9zBrgDudoSfYM6ebbPDKU81ogBQAzLp6h1y4w==",
      "license": "MIT OR Apache-2.0"
    }
  }
}
